
Microsoft Visual Studio Solution File, Format Version 12.00
# Visual Studio 15
VisualStudioVersion = 15.0.27004.2008
MinimumVisualStudioVersion = 10.0.40219.1
Project("{8BC9CEB8-8B4A-11D0-8D11-00A0C91BC942}") = "w5", "w5\w5.vcxproj", "{C8F7C46F-B829-4424-920C-1533BB894C9A}"
EndProject
Global
	GlobalSection(SolutionConfigurationPlatforms) = preSolution
		Debug|x64 = Debug|x64
		Debug|x86 = Debug|x86
		Release|x64 = Release|x64
		Release|x86 = Release|x86
	EndGlobalSection
	GlobalSection(ProjectConfigurationPlatforms) = postSolution
		{C8F7C46F-B829-4424-920C-1533BB894C9A}.Debug|x64.ActiveCfg = Debug|x64
		{C8F7C46F-B829-4424-920C-1533BB894C9A}.Debug|x64.Build.0 = Debug|x64
		{C8F7C46F-B829-4424-920C-1533BB894C9A}.Debug|x86.ActiveCfg = Debug|Win32
		{C8F7C46F-B829-4424-920C-1533BB894C9A}.Debug|x86.Build.0 = Debug|Win32
		{C8F7C46F-B829-4424-920C-1533BB894C9A}.Release|x64.ActiveCfg = Release|x64
		{C8F7C46F-B829-4424-920C-1533BB894C9A}.Release|x64.Build.0 = Release|x64
		{C8F7C46F-B829-4424-920C-1533BB894C9A}.Release|x86.ActiveCfg = Release|Win32
		{C8F7C46F-B829-4424-920C-1533BB894C9A}.Release|x86.Build.0 = Release|Win32
	EndGlobalSection
	GlobalSection(SolutionProperties) = preSolution
		HideSolutionNode = FALSE
	EndGlobalSection
	GlobalSection(ExtensibilityGlobals) = postSolution
		SolutionGuid = {F76A9FBA-E8B8-45B9-A9BB-19D89C63D1AA}
	EndGlobalSection
EndGlobal
